# This file is automatically @generated by sn.
# It is not intended for manual editing.

[[package]]
name = "greet-lib"
version = "1.0.0"
checksum = "c87a7850f5f80883c5e5f7d7bd7168a3bc35bfe96cc998991eb9fa0bea160867"
source = "path:/home/ethan/Code/typescript-native/examples/packages/greet-lib"
dependencies = []
